{
  "name": "pino-loki-transport",
  "version": "0.8.4",
  "lockfileVersion": 2,
  "requires": true,
  "packages": {
    "": {
      "name": "pino-loki-transport",
      "version": "0.8.4",
      "license": "MIT",
      "dependencies": {
        "axios": "^0.24.0",
        "pino": "^7.1.0",
        "pino-abstract-transport": "^0.5.0",
        "rxjs": "^7.4.0",
        "snappy": "^7.0.5"
      },
      "devDependencies": {
        "typescript": "^4.4.4"
      }
    },
    "node_modules/@napi-rs/snappy-android-arm64": {
      "version": "7.0.5",
      "resolved": "https://registry.npmjs.org/@napi-rs/snappy-android-arm64/-/snappy-android-arm64-7.0.5.tgz",
      "integrity": "sha512-11/V8Wg8FwWLI5BF0kzMQ63GTaCuVRMlMbaIBjRyknHE5YILVK1BHvJjunAkPugg86x3MFs1zqrmrLIaH+07pg==",
      "cpu": [
        "arm64"
      ],
      "optional": true,
      "os": [
        "android"
      ],
      "engines": {
        "node": ">= 10"
      }
    },
    "node_modules/@napi-rs/snappy-darwin-arm64": {
      "version": "7.0.5",
      "resolved": "https://registry.npmjs.org/@napi-rs/snappy-darwin-arm64/-/snappy-darwin-arm64-7.0.5.tgz",
      "integrity": "sha512-R4LJQAg/75FJU1+F3q2RZZT2i4TPtIVpTDReDsLyJGN6/K/SSCk/4gJSLZoxQ0hHMLQLacRQmMPuVqHbOfwSFw==",
      "cpu": [
        "arm64"
      ],
      "optional": true,
      "os": [
        "darwin"
      ],
      "engines": {
        "node": ">= 10"
      }
    },
    "node_modules/@napi-rs/snappy-darwin-x64": {
      "version": "7.0.5",
      "resolved": "https://registry.npmjs.org/@napi-rs/snappy-darwin-x64/-/snappy-darwin-x64-7.0.5.tgz",
      "integrity": "sha512-aYiz/jtVxo+cpuu6p2/lzrvr2DlUd58auVDHQqIvYXnlmitXMTXqmURuCj6l4OfFxDA8YgzZ6Ftt6BSXdqKOYw==",
      "cpu": [
        "x64"
      ],
      "optional": true,
      "os": [
        "darwin"
      ],
      "engines": {
        "node": ">= 10"
      }
    },
    "node_modules/@napi-rs/snappy-freebsd-x64": {
      "version": "7.0.5",
      "resolved": "https://registry.npmjs.org/@napi-rs/snappy-freebsd-x64/-/snappy-freebsd-x64-7.0.5.tgz",
      "integrity": "sha512-q0hIT7UNVvClAp056ObmsuXj34KRNJcYJ7WRBER/kttCembNM+gJnJRIUcA6QxVZd/MOjpyHBGKdJLaU36ISoA==",
      "cpu": [
        "x64"
      ],
      "optional": true,
      "os": [
        "freebsd"
      ],
      "engines": {
        "node": ">= 10"
      }
    },
    "node_modules/@napi-rs/snappy-linux-arm-gnueabihf": {
      "version": "7.0.5",
      "resolved": "https://registry.npmjs.org/@napi-rs/snappy-linux-arm-gnueabihf/-/snappy-linux-arm-gnueabihf-7.0.5.tgz",
      "integrity": "sha512-VBK+WyTLYqAVy1QqG1wLnbe6vjacmak1tOsTMlKMN71mZF0WmOdZ/OxTExdTz8WmQMgTpYwX4d9g+ElomaOOLg==",
      "cpu": [
        "arm"
      ],
      "optional": true,
      "os": [
        "linux"
      ],
      "engines": {
        "node": ">= 10"
      }
    },
    "node_modules/@napi-rs/snappy-linux-arm64-gnu": {
      "version": "7.0.5",
      "resolved": "https://registry.npmjs.org/@napi-rs/snappy-linux-arm64-gnu/-/snappy-linux-arm64-gnu-7.0.5.tgz",
      "integrity": "sha512-+E7wwIuaVV85svBFTwN14Plw+lsTRgbWHfsrLzbMoRv3czj4MTOrISD0TajMALRCiDGWe6RSxLftysR4HYZEbA==",
      "cpu": [
        "arm64"
      ],
      "optional": true,
      "os": [
        "linux"
      ],
      "engines": {
        "node": ">= 10"
      }
    },
    "node_modules/@napi-rs/snappy-linux-arm64-musl": {
      "version": "7.0.5",
      "resolved": "https://registry.npmjs.org/@napi-rs/snappy-linux-arm64-musl/-/snappy-linux-arm64-musl-7.0.5.tgz",
      "integrity": "sha512-QeLjvagI+6ywEHNmRiP3Qz2j+RRupCWHA8cmmaEh1pHnlV/NxetAE1agRdWje7yO+iXQiUVbZ8SKibOZ4kRn3g==",
      "cpu": [
        "arm64"
      ],
      "optional": true,
      "os": [
        "linux"
      ],
      "engines": {
        "node": ">= 10"
      }
    },
    "node_modules/@napi-rs/snappy-linux-x64-gnu": {
      "version": "7.0.5",
      "resolved": "https://registry.npmjs.org/@napi-rs/snappy-linux-x64-gnu/-/snappy-linux-x64-gnu-7.0.5.tgz",
      "integrity": "sha512-G1Mq5JOfWG+oWOZScW8R0HtdZ/Hcq3Lm+qOYEbCqKGYV7mTdclvWY4vzOIl5lGWp3Dmo9/rn7pK/Kp4ormw0FA==",
      "cpu": [
        "x64"
      ],
      "optional": true,
      "os": [
        "linux"
      ],
      "engines": {
        "node": ">= 10"
      }
    },
    "node_modules/@napi-rs/snappy-linux-x64-musl": {
      "version": "7.0.5",
      "resolved": "https://registry.npmjs.org/@napi-rs/snappy-linux-x64-musl/-/snappy-linux-x64-musl-7.0.5.tgz",
      "integrity": "sha512-THcusrpjr5MB2PXKdFKiD/ZA811Wn7eJksuQbVRUr/ZjbOOxpni/VLHq4uh42IWqofbszHDVUYZeLEgCbcNItg==",
      "cpu": [
        "x64"
      ],
      "optional": true,
      "os": [
        "linux"
      ],
      "engines": {
        "node": ">= 10"
      }
    },
    "node_modules/@napi-rs/snappy-win32-arm64-msvc": {
      "version": "7.0.5",
      "resolved": "https://registry.npmjs.org/@napi-rs/snappy-win32-arm64-msvc/-/snappy-win32-arm64-msvc-7.0.5.tgz",
      "integrity": "sha512-5tm8t7E+GhqDf+6vsnsKdZb6twspab5SH1SzVzZtFRltB55FtwAcXSWi9+kS+Md+Jjl4Va4TfrhQ3B46yFgSfQ==",
      "cpu": [
        "arm64"
      ],
      "optional": true,
      "os": [
        "win32"
      ],
      "engines": {
        "node": ">= 10"
      }
    },
    "node_modules/@napi-rs/snappy-win32-ia32-msvc": {
      "version": "7.0.5",
      "resolved": "https://registry.npmjs.org/@napi-rs/snappy-win32-ia32-msvc/-/snappy-win32-ia32-msvc-7.0.5.tgz",
      "integrity": "sha512-s0H7fD1fDrKPoS81MNXSrs7lvrq71E7gi3OuWiIj23XNUxsMI5p0P8OaRuu95Bns8WLYw5ouSKUtwIgxZAD4+g==",
      "cpu": [
        "ia32"
      ],
      "optional": true,
      "os": [
        "win32"
      ],
      "engines": {
        "node": ">= 10"
      }
    },
    "node_modules/@napi-rs/snappy-win32-x64-msvc": {
      "version": "7.0.5",
      "resolved": "https://registry.npmjs.org/@napi-rs/snappy-win32-x64-msvc/-/snappy-win32-x64-msvc-7.0.5.tgz",
      "integrity": "sha512-rRjNz3OXu6093V4B0IGAd7ANKYGZ5HfG057xew1/NDZl3DTMcWF/Wd2OtMl16Lju2D17CVLxq3NkjTqKZ/XGvw==",
      "cpu": [
        "x64"
      ],
      "optional": true,
      "os": [
        "win32"
      ],
      "engines": {
        "node": ">= 10"
      }
    },
    "node_modules/@napi-rs/triples": {
      "version": "1.0.3",
      "resolved": "https://registry.npmjs.org/@napi-rs/triples/-/triples-1.0.3.tgz",
      "integrity": "sha512-jDJTpta+P4p1NZTFVLHJ/TLFVYVcOqv6l8xwOeBKNPMgY/zDYH/YH7SJbvrr/h1RcS9GzbPcLKGzpuK9cV56UA=="
    },
    "node_modules/@node-rs/helper": {
      "version": "1.2.1",
      "resolved": "https://registry.npmjs.org/@node-rs/helper/-/helper-1.2.1.tgz",
      "integrity": "sha512-R5wEmm8nbuQU0YGGmYVjEc0OHtYsuXdpRG+Ut/3wZ9XAvQWyThN08bTh2cBJgoZxHQUPtvRfeQuxcAgLuiBISg==",
      "dependencies": {
        "@napi-rs/triples": "^1.0.3"
      }
    },
    "node_modules/atomic-sleep": {
      "version": "1.0.0",
      "resolved": "https://registry.npmjs.org/atomic-sleep/-/atomic-sleep-1.0.0.tgz",
      "integrity": "sha512-kNOjDqAh7px0XWNI+4QbzoiR/nTkHAWNud2uvnJquD1/x5a7EQZMJT0AczqK0Qn67oY/TTQ1LbUKajZpp3I9tQ==",
      "engines": {
        "node": ">=8.0.0"
      }
    },
    "node_modules/axios": {
      "version": "0.24.0",
      "resolved": "https://registry.npmjs.org/axios/-/axios-0.24.0.tgz",
      "integrity": "sha512-Q6cWsys88HoPgAaFAVUb0WpPk0O8iTeisR9IMqy9G8AbO4NlpVknrnQS03zzF9PGAWgO3cgletO3VjV/P7VztA==",
      "dependencies": {
        "follow-redirects": "^1.14.4"
      }
    },
    "node_modules/duplexify": {
      "version": "4.1.2",
      "resolved": "https://registry.npmjs.org/duplexify/-/duplexify-4.1.2.tgz",
      "integrity": "sha512-fz3OjcNCHmRP12MJoZMPglx8m4rrFP8rovnk4vT8Fs+aonZoCwGg10dSsQsfP/E62eZcPTMSMP6686fu9Qlqtw==",
      "dependencies": {
        "end-of-stream": "^1.4.1",
        "inherits": "^2.0.3",
        "readable-stream": "^3.1.1",
        "stream-shift": "^1.0.0"
      }
    },
    "node_modules/end-of-stream": {
      "version": "1.4.4",
      "resolved": "https://registry.npmjs.org/end-of-stream/-/end-of-stream-1.4.4.tgz",
      "integrity": "sha512-+uw1inIHVPQoaVuHzRyXd21icM+cnt4CzD5rW+NC1wjOUSTOs+Te7FOv7AhN7vS9x/oIyhLP5PR1H+phQAHu5Q==",
      "dependencies": {
        "once": "^1.4.0"
      }
    },
    "node_modules/fast-redact": {
      "version": "3.0.2",
      "resolved": "https://registry.npmjs.org/fast-redact/-/fast-redact-3.0.2.tgz",
      "integrity": "sha512-YN+CYfCVRVMUZOUPeinHNKgytM1wPI/C/UCLEi56EsY2dwwvI00kIJHJoI7pMVqGoMew8SMZ2SSfHKHULHXDsg==",
      "engines": {
        "node": ">=6"
      }
    },
    "node_modules/fastify-warning": {
      "version": "0.2.0",
      "resolved": "https://registry.npmjs.org/fastify-warning/-/fastify-warning-0.2.0.tgz",
      "integrity": "sha512-s1EQguBw/9qtc1p/WTY4eq9WMRIACkj+HTcOIK1in4MV5aFaQC9ZCIt0dJ7pr5bIf4lPpHvAtP2ywpTNgs7hqw=="
    },
    "node_modules/follow-redirects": {
      "version": "1.14.5",
      "resolved": "https://registry.npmjs.org/follow-redirects/-/follow-redirects-1.14.5.tgz",
      "integrity": "sha512-wtphSXy7d4/OR+MvIFbCVBDzZ5520qV8XfPklSN5QtxuMUJZ+b0Wnst1e1lCDocfzuCkHqj8k0FpZqO+UIaKNA==",
      "funding": [
        {
          "type": "individual",
          "url": "https://github.com/sponsors/RubenVerborgh"
        }
      ],
      "engines": {
        "node": ">=4.0"
      },
      "peerDependenciesMeta": {
        "debug": {
          "optional": true
        }
      }
    },
    "node_modules/get-caller-file": {
      "version": "2.0.5",
      "resolved": "https://registry.npmjs.org/get-caller-file/-/get-caller-file-2.0.5.tgz",
      "integrity": "sha512-DyFP3BM/3YHTQOCUL/w0OZHR0lpKeGrxotcHWcqNEdnltqFwXVfhEBQ94eIo34AfQpo0rGki4cyIiftY06h2Fg==",
      "engines": {
        "node": "6.* || 8.* || >= 10.*"
      }
    },
    "node_modules/inherits": {
      "version": "2.0.4",
      "resolved": "https://registry.npmjs.org/inherits/-/inherits-2.0.4.tgz",
      "integrity": "sha512-k/vGaX4/Yla3WzyMCvTQOXYeIHvqOKtnqBduzTHpzpQZzAskKMhZ2K+EnBiSM9zGSoIFeMpXKxa4dYeZIQqewQ=="
    },
    "node_modules/on-exit-leak-free": {
      "version": "0.2.0",
      "resolved": "https://registry.npmjs.org/on-exit-leak-free/-/on-exit-leak-free-0.2.0.tgz",
      "integrity": "sha512-dqaz3u44QbRXQooZLTUKU41ZrzYrcvLISVgbrzbyCMxpmSLJvZ3ZamIJIZ29P6OhZIkNIQKosdeM6t1LYbA9hg=="
    },
    "node_modules/once": {
      "version": "1.4.0",
      "resolved": "https://registry.npmjs.org/once/-/once-1.4.0.tgz",
      "integrity": "sha1-WDsap3WWHUsROsF9nFC6753Xa9E=",
      "dependencies": {
        "wrappy": "1"
      }
    },
    "node_modules/pino": {
      "version": "7.1.0",
      "resolved": "https://registry.npmjs.org/pino/-/pino-7.1.0.tgz",
      "integrity": "sha512-EdNpwNxlNK2gt48V4P8uvGmfTH7yW+in4MAMGgU69ovtNQqBj+kA3xGjgPQHMXo5vr4rq+vWuBgNiz/LmfK++A==",
      "dependencies": {
        "fast-redact": "^3.0.0",
        "fastify-warning": "^0.2.0",
        "get-caller-file": "^2.0.5",
        "on-exit-leak-free": "^0.2.0",
        "pino-abstract-transport": "v0.5.0",
        "pino-std-serializers": "^4.0.0",
        "quick-format-unescaped": "^4.0.3",
        "safe-stable-stringify": "^2.1.0",
        "sonic-boom": "^2.2.1",
        "thread-stream": "^0.12.0"
      },
      "bin": {
        "pino": "bin.js"
      }
    },
    "node_modules/pino-abstract-transport": {
      "version": "0.5.0",
      "resolved": "https://registry.npmjs.org/pino-abstract-transport/-/pino-abstract-transport-0.5.0.tgz",
      "integrity": "sha512-+KAgmVeqXYbTtU2FScx1XS3kNyfZ5TrXY07V96QnUSFqo2gAqlvmaxH67Lj7SWazqsMabf+58ctdTcBgnOLUOQ==",
      "dependencies": {
        "duplexify": "^4.1.2",
        "split2": "^4.0.0"
      }
    },
    "node_modules/pino-std-serializers": {
      "version": "4.0.0",
      "resolved": "https://registry.npmjs.org/pino-std-serializers/-/pino-std-serializers-4.0.0.tgz",
      "integrity": "sha512-cK0pekc1Kjy5w9V2/n+8MkZwusa6EyyxfeQCB799CQRhRt/CqYKiWs5adeu8Shve2ZNffvfC/7J64A2PJo1W/Q=="
    },
    "node_modules/quick-format-unescaped": {
      "version": "4.0.4",
      "resolved": "https://registry.npmjs.org/quick-format-unescaped/-/quick-format-unescaped-4.0.4.tgz",
      "integrity": "sha512-tYC1Q1hgyRuHgloV/YXs2w15unPVh8qfu/qCTfhTYamaw7fyhumKa2yGpdSo87vY32rIclj+4fWYQXUMs9EHvg=="
    },
    "node_modules/readable-stream": {
      "version": "3.6.0",
      "resolved": "https://registry.npmjs.org/readable-stream/-/readable-stream-3.6.0.tgz",
      "integrity": "sha512-BViHy7LKeTz4oNnkcLJ+lVSL6vpiFeX6/d3oSH8zCW7UxP2onchk+vTGB143xuFjHS3deTgkKoXXymXqymiIdA==",
      "dependencies": {
        "inherits": "^2.0.3",
        "string_decoder": "^1.1.1",
        "util-deprecate": "^1.0.1"
      },
      "engines": {
        "node": ">= 6"
      }
    },
    "node_modules/rxjs": {
      "version": "7.4.0",
      "resolved": "https://registry.npmjs.org/rxjs/-/rxjs-7.4.0.tgz",
      "integrity": "sha512-7SQDi7xeTMCJpqViXh8gL/lebcwlp3d831F05+9B44A4B0WfsEwUQHR64gsH1kvJ+Ep/J9K2+n1hVl1CsGN23w==",
      "dependencies": {
        "tslib": "~2.1.0"
      }
    },
    "node_modules/safe-buffer": {
      "version": "5.2.1",
      "resolved": "https://registry.npmjs.org/safe-buffer/-/safe-buffer-5.2.1.tgz",
      "integrity": "sha512-rp3So07KcdmmKbGvgaNxQSJr7bGVSVk5S9Eq1F+ppbRo70+YeaDxkw5Dd8NPN+GD6bjnYm2VuPuCXmpuYvmCXQ==",
      "funding": [
        {
          "type": "github",
          "url": "https://github.com/sponsors/feross"
        },
        {
          "type": "patreon",
          "url": "https://www.patreon.com/feross"
        },
        {
          "type": "consulting",
          "url": "https://feross.org/support"
        }
      ]
    },
    "node_modules/safe-stable-stringify": {
      "version": "2.2.0",
      "resolved": "https://registry.npmjs.org/safe-stable-stringify/-/safe-stable-stringify-2.2.0.tgz",
      "integrity": "sha512-C6AuMdYPuPV/P1leplHNu0lgc2LAElq/g3TdoksDCIVtBhr78o/CH03bt/9SKqugFbKU9CUjsNlCu0fjtQzQUw==",
      "engines": {
        "node": ">=10"
      }
    },
    "node_modules/snappy": {
      "version": "7.0.5",
      "resolved": "https://registry.npmjs.org/snappy/-/snappy-7.0.5.tgz",
      "integrity": "sha512-T2j48ZdQQd2MaP4X8GGtAnzyo3LnBt6Kj6kxmoOTxG59UwxwC2Az5pa338td7gSTT8H0J4fv8Jgi0edWAGkgeg==",
      "dependencies": {
        "@node-rs/helper": "^1.2.1"
      },
      "engines": {
        "node": ">= 10"
      },
      "funding": {
        "type": "github",
        "url": "https://github.com/sponsors/Brooooooklyn"
      },
      "optionalDependencies": {
        "@napi-rs/snappy-android-arm64": "7.0.5",
        "@napi-rs/snappy-darwin-arm64": "7.0.5",
        "@napi-rs/snappy-darwin-x64": "7.0.5",
        "@napi-rs/snappy-freebsd-x64": "7.0.5",
        "@napi-rs/snappy-linux-arm-gnueabihf": "7.0.5",
        "@napi-rs/snappy-linux-arm64-gnu": "7.0.5",
        "@napi-rs/snappy-linux-arm64-musl": "7.0.5",
        "@napi-rs/snappy-linux-x64-gnu": "7.0.5",
        "@napi-rs/snappy-linux-x64-musl": "7.0.5",
        "@napi-rs/snappy-win32-arm64-msvc": "7.0.5",
        "@napi-rs/snappy-win32-ia32-msvc": "7.0.5",
        "@napi-rs/snappy-win32-x64-msvc": "7.0.5"
      }
    },
    "node_modules/sonic-boom": {
      "version": "2.3.1",
      "resolved": "https://registry.npmjs.org/sonic-boom/-/sonic-boom-2.3.1.tgz",
      "integrity": "sha512-o0vJPsRiCW5Q0EmRKjNiiYGy2DqSXcxk4mY9vIBSPwmkH/e/vJ2Tq8EECd5NTiO77x8vlVN+ykDjRQJTqf7eKg==",
      "dependencies": {
        "atomic-sleep": "^1.0.0"
      }
    },
    "node_modules/split2": {
      "version": "4.1.0",
      "resolved": "https://registry.npmjs.org/split2/-/split2-4.1.0.tgz",
      "integrity": "sha512-VBiJxFkxiXRlUIeyMQi8s4hgvKCSjtknJv/LVYbrgALPwf5zSKmEwV9Lst25AkvMDnvxODugjdl6KZgwKM1WYQ==",
      "engines": {
        "node": ">= 10.x"
      }
    },
    "node_modules/stream-shift": {
      "version": "1.0.1",
      "resolved": "https://registry.npmjs.org/stream-shift/-/stream-shift-1.0.1.tgz",
      "integrity": "sha512-AiisoFqQ0vbGcZgQPY1cdP2I76glaVA/RauYR4G4thNFgkTqr90yXTo4LYX60Jl+sIlPNHHdGSwo01AvbKUSVQ=="
    },
    "node_modules/string_decoder": {
      "version": "1.3.0",
      "resolved": "https://registry.npmjs.org/string_decoder/-/string_decoder-1.3.0.tgz",
      "integrity": "sha512-hkRX8U1WjJFd8LsDJ2yQ/wWWxaopEsABU1XfkM8A+j0+85JAGppt16cr1Whg6KIbb4okU6Mql6BOj+uup/wKeA==",
      "dependencies": {
        "safe-buffer": "~5.2.0"
      }
    },
    "node_modules/thread-stream": {
      "version": "0.12.1",
      "resolved": "https://registry.npmjs.org/thread-stream/-/thread-stream-0.12.1.tgz",
      "integrity": "sha512-eFgcefesjNohVbqtNG/rh54HekZeId2xbuVXZpP5PBXTe5S+WIBfAFTbh2KRa4o/4pocgWTOTfnS0MaGOEiFTA=="
    },
    "node_modules/tslib": {
      "version": "2.1.0",
      "resolved": "https://registry.npmjs.org/tslib/-/tslib-2.1.0.tgz",
      "integrity": "sha512-hcVC3wYEziELGGmEEXue7D75zbwIIVUMWAVbHItGPx0ziyXxrOMQx4rQEVEV45Ut/1IotuEvwqPopzIOkDMf0A=="
    },
    "node_modules/typescript": {
      "version": "4.4.4",
      "resolved": "https://registry.npmjs.org/typescript/-/typescript-4.4.4.tgz",
      "integrity": "sha512-DqGhF5IKoBl8WNf8C1gu8q0xZSInh9j1kJJMqT3a94w1JzVaBU4EXOSMrz9yDqMT0xt3selp83fuFMQ0uzv6qA==",
      "dev": true,
      "bin": {
        "tsc": "bin/tsc",
        "tsserver": "bin/tsserver"
      },
      "engines": {
        "node": ">=4.2.0"
      }
    },
    "node_modules/util-deprecate": {
      "version": "1.0.2",
      "resolved": "https://registry.npmjs.org/util-deprecate/-/util-deprecate-1.0.2.tgz",
      "integrity": "sha1-RQ1Nyfpw3nMnYvvS1KKJgUGaDM8="
    },
    "node_modules/wrappy": {
      "version": "1.0.2",
      "resolved": "https://registry.npmjs.org/wrappy/-/wrappy-1.0.2.tgz",
      "integrity": "sha1-tSQ9jz7BqjXxNkYFvA0QNuMKtp8="
    }
  },
  "dependencies": {
    "@napi-rs/snappy-android-arm64": {
      "version": "7.0.5",
      "resolved": "https://registry.npmjs.org/@napi-rs/snappy-android-arm64/-/snappy-android-arm64-7.0.5.tgz",
      "integrity": "sha512-11/V8Wg8FwWLI5BF0kzMQ63GTaCuVRMlMbaIBjRyknHE5YILVK1BHvJjunAkPugg86x3MFs1zqrmrLIaH+07pg==",
      "optional": true
    },
    "@napi-rs/snappy-darwin-arm64": {
      "version": "7.0.5",
      "resolved": "https://registry.npmjs.org/@napi-rs/snappy-darwin-arm64/-/snappy-darwin-arm64-7.0.5.tgz",
      "integrity": "sha512-R4LJQAg/75FJU1+F3q2RZZT2i4TPtIVpTDReDsLyJGN6/K/SSCk/4gJSLZoxQ0hHMLQLacRQmMPuVqHbOfwSFw==",
      "optional": true
    },
    "@napi-rs/snappy-darwin-x64": {
      "version": "7.0.5",
      "resolved": "https://registry.npmjs.org/@napi-rs/snappy-darwin-x64/-/snappy-darwin-x64-7.0.5.tgz",
      "integrity": "sha512-aYiz/jtVxo+cpuu6p2/lzrvr2DlUd58auVDHQqIvYXnlmitXMTXqmURuCj6l4OfFxDA8YgzZ6Ftt6BSXdqKOYw==",
      "optional": true
    },
    "@napi-rs/snappy-freebsd-x64": {
      "version": "7.0.5",
      "resolved": "https://registry.npmjs.org/@napi-rs/snappy-freebsd-x64/-/snappy-freebsd-x64-7.0.5.tgz",
      "integrity": "sha512-q0hIT7UNVvClAp056ObmsuXj34KRNJcYJ7WRBER/kttCembNM+gJnJRIUcA6QxVZd/MOjpyHBGKdJLaU36ISoA==",
      "optional": true
    },
    "@napi-rs/snappy-linux-arm-gnueabihf": {
      "version": "7.0.5",
      "resolved": "https://registry.npmjs.org/@napi-rs/snappy-linux-arm-gnueabihf/-/snappy-linux-arm-gnueabihf-7.0.5.tgz",
      "integrity": "sha512-VBK+WyTLYqAVy1QqG1wLnbe6vjacmak1tOsTMlKMN71mZF0WmOdZ/OxTExdTz8WmQMgTpYwX4d9g+ElomaOOLg==",
      "optional": true
    },
    "@napi-rs/snappy-linux-arm64-gnu": {
      "version": "7.0.5",
      "resolved": "https://registry.npmjs.org/@napi-rs/snappy-linux-arm64-gnu/-/snappy-linux-arm64-gnu-7.0.5.tgz",
      "integrity": "sha512-+E7wwIuaVV85svBFTwN14Plw+lsTRgbWHfsrLzbMoRv3czj4MTOrISD0TajMALRCiDGWe6RSxLftysR4HYZEbA==",
      "optional": true
    },
    "@napi-rs/snappy-linux-arm64-musl": {
      "version": "7.0.5",
      "resolved": "https://registry.npmjs.org/@napi-rs/snappy-linux-arm64-musl/-/snappy-linux-arm64-musl-7.0.5.tgz",
      "integrity": "sha512-QeLjvagI+6ywEHNmRiP3Qz2j+RRupCWHA8cmmaEh1pHnlV/NxetAE1agRdWje7yO+iXQiUVbZ8SKibOZ4kRn3g==",
      "optional": true
    },
    "@napi-rs/snappy-linux-x64-gnu": {
      "version": "7.0.5",
      "resolved": "https://registry.npmjs.org/@napi-rs/snappy-linux-x64-gnu/-/snappy-linux-x64-gnu-7.0.5.tgz",
      "integrity": "sha512-G1Mq5JOfWG+oWOZScW8R0HtdZ/Hcq3Lm+qOYEbCqKGYV7mTdclvWY4vzOIl5lGWp3Dmo9/rn7pK/Kp4ormw0FA==",
      "optional": true
    },
    "@napi-rs/snappy-linux-x64-musl": {
      "version": "7.0.5",
      "resolved": "https://registry.npmjs.org/@napi-rs/snappy-linux-x64-musl/-/snappy-linux-x64-musl-7.0.5.tgz",
      "integrity": "sha512-THcusrpjr5MB2PXKdFKiD/ZA811Wn7eJksuQbVRUr/ZjbOOxpni/VLHq4uh42IWqofbszHDVUYZeLEgCbcNItg==",
      "optional": true
    },
    "@napi-rs/snappy-win32-arm64-msvc": {
      "version": "7.0.5",
      "resolved": "https://registry.npmjs.org/@napi-rs/snappy-win32-arm64-msvc/-/snappy-win32-arm64-msvc-7.0.5.tgz",
      "integrity": "sha512-5tm8t7E+GhqDf+6vsnsKdZb6twspab5SH1SzVzZtFRltB55FtwAcXSWi9+kS+Md+Jjl4Va4TfrhQ3B46yFgSfQ==",
      "optional": true
    },
    "@napi-rs/snappy-win32-ia32-msvc": {
      "version": "7.0.5",
      "resolved": "https://registry.npmjs.org/@napi-rs/snappy-win32-ia32-msvc/-/snappy-win32-ia32-msvc-7.0.5.tgz",
      "integrity": "sha512-s0H7fD1fDrKPoS81MNXSrs7lvrq71E7gi3OuWiIj23XNUxsMI5p0P8OaRuu95Bns8WLYw5ouSKUtwIgxZAD4+g==",
      "optional": true
    },
    "@napi-rs/snappy-win32-x64-msvc": {
      "version": "7.0.5",
      "resolved": "https://registry.npmjs.org/@napi-rs/snappy-win32-x64-msvc/-/snappy-win32-x64-msvc-7.0.5.tgz",
      "integrity": "sha512-rRjNz3OXu6093V4B0IGAd7ANKYGZ5HfG057xew1/NDZl3DTMcWF/Wd2OtMl16Lju2D17CVLxq3NkjTqKZ/XGvw==",
      "optional": true
    },
    "@napi-rs/triples": {
      "version": "1.0.3",
      "resolved": "https://registry.npmjs.org/@napi-rs/triples/-/triples-1.0.3.tgz",
      "integrity": "sha512-jDJTpta+P4p1NZTFVLHJ/TLFVYVcOqv6l8xwOeBKNPMgY/zDYH/YH7SJbvrr/h1RcS9GzbPcLKGzpuK9cV56UA=="
    },
    "@node-rs/helper": {
      "version": "1.2.1",
      "resolved": "https://registry.npmjs.org/@node-rs/helper/-/helper-1.2.1.tgz",
      "integrity": "sha512-R5wEmm8nbuQU0YGGmYVjEc0OHtYsuXdpRG+Ut/3wZ9XAvQWyThN08bTh2cBJgoZxHQUPtvRfeQuxcAgLuiBISg==",
      "requires": {
        "@napi-rs/triples": "^1.0.3"
      }
    },
    "atomic-sleep": {
      "version": "1.0.0",
      "resolved": "https://registry.npmjs.org/atomic-sleep/-/atomic-sleep-1.0.0.tgz",
      "integrity": "sha512-kNOjDqAh7px0XWNI+4QbzoiR/nTkHAWNud2uvnJquD1/x5a7EQZMJT0AczqK0Qn67oY/TTQ1LbUKajZpp3I9tQ=="
    },
    "axios": {
      "version": "0.24.0",
      "resolved": "https://registry.npmjs.org/axios/-/axios-0.24.0.tgz",
      "integrity": "sha512-Q6cWsys88HoPgAaFAVUb0WpPk0O8iTeisR9IMqy9G8AbO4NlpVknrnQS03zzF9PGAWgO3cgletO3VjV/P7VztA==",
      "requires": {
        "follow-redirects": "^1.14.4"
      }
    },
    "duplexify": {
      "version": "4.1.2",
      "resolved": "https://registry.npmjs.org/duplexify/-/duplexify-4.1.2.tgz",
      "integrity": "sha512-fz3OjcNCHmRP12MJoZMPglx8m4rrFP8rovnk4vT8Fs+aonZoCwGg10dSsQsfP/E62eZcPTMSMP6686fu9Qlqtw==",
      "requires": {
        "end-of-stream": "^1.4.1",
        "inherits": "^2.0.3",
        "readable-stream": "^3.1.1",
        "stream-shift": "^1.0.0"
      }
    },
    "end-of-stream": {
      "version": "1.4.4",
      "resolved": "https://registry.npmjs.org/end-of-stream/-/end-of-stream-1.4.4.tgz",
      "integrity": "sha512-+uw1inIHVPQoaVuHzRyXd21icM+cnt4CzD5rW+NC1wjOUSTOs+Te7FOv7AhN7vS9x/oIyhLP5PR1H+phQAHu5Q==",
      "requires": {
        "once": "^1.4.0"
      }
    },
    "fast-redact": {
      "version": "3.0.2",
      "resolved": "https://registry.npmjs.org/fast-redact/-/fast-redact-3.0.2.tgz",
      "integrity": "sha512-YN+CYfCVRVMUZOUPeinHNKgytM1wPI/C/UCLEi56EsY2dwwvI00kIJHJoI7pMVqGoMew8SMZ2SSfHKHULHXDsg=="
    },
    "fastify-warning": {
      "version": "0.2.0",
      "resolved": "https://registry.npmjs.org/fastify-warning/-/fastify-warning-0.2.0.tgz",
      "integrity": "sha512-s1EQguBw/9qtc1p/WTY4eq9WMRIACkj+HTcOIK1in4MV5aFaQC9ZCIt0dJ7pr5bIf4lPpHvAtP2ywpTNgs7hqw=="
    },
    "follow-redirects": {
      "version": "1.14.5",
      "resolved": "https://registry.npmjs.org/follow-redirects/-/follow-redirects-1.14.5.tgz",
      "integrity": "sha512-wtphSXy7d4/OR+MvIFbCVBDzZ5520qV8XfPklSN5QtxuMUJZ+b0Wnst1e1lCDocfzuCkHqj8k0FpZqO+UIaKNA=="
    },
    "get-caller-file": {
      "version": "2.0.5",
      "resolved": "https://registry.npmjs.org/get-caller-file/-/get-caller-file-2.0.5.tgz",
      "integrity": "sha512-DyFP3BM/3YHTQOCUL/w0OZHR0lpKeGrxotcHWcqNEdnltqFwXVfhEBQ94eIo34AfQpo0rGki4cyIiftY06h2Fg=="
    },
    "inherits": {
      "version": "2.0.4",
      "resolved": "https://registry.npmjs.org/inherits/-/inherits-2.0.4.tgz",
      "integrity": "sha512-k/vGaX4/Yla3WzyMCvTQOXYeIHvqOKtnqBduzTHpzpQZzAskKMhZ2K+EnBiSM9zGSoIFeMpXKxa4dYeZIQqewQ=="
    },
    "on-exit-leak-free": {
      "version": "0.2.0",
      "resolved": "https://registry.npmjs.org/on-exit-leak-free/-/on-exit-leak-free-0.2.0.tgz",
      "integrity": "sha512-dqaz3u44QbRXQooZLTUKU41ZrzYrcvLISVgbrzbyCMxpmSLJvZ3ZamIJIZ29P6OhZIkNIQKosdeM6t1LYbA9hg=="
    },
    "once": {
      "version": "1.4.0",
      "resolved": "https://registry.npmjs.org/once/-/once-1.4.0.tgz",
      "integrity": "sha1-WDsap3WWHUsROsF9nFC6753Xa9E=",
      "requires": {
        "wrappy": "1"
      }
    },
    "pino": {
      "version": "7.1.0",
      "resolved": "https://registry.npmjs.org/pino/-/pino-7.1.0.tgz",
      "integrity": "sha512-EdNpwNxlNK2gt48V4P8uvGmfTH7yW+in4MAMGgU69ovtNQqBj+kA3xGjgPQHMXo5vr4rq+vWuBgNiz/LmfK++A==",
      "requires": {
        "fast-redact": "^3.0.0",
        "fastify-warning": "^0.2.0",
        "get-caller-file": "^2.0.5",
        "on-exit-leak-free": "^0.2.0",
        "pino-abstract-transport": "v0.5.0",
        "pino-std-serializers": "^4.0.0",
        "quick-format-unescaped": "^4.0.3",
        "safe-stable-stringify": "^2.1.0",
        "sonic-boom": "^2.2.1",
        "thread-stream": "^0.12.0"
      }
    },
    "pino-abstract-transport": {
      "version": "0.5.0",
      "resolved": "https://registry.npmjs.org/pino-abstract-transport/-/pino-abstract-transport-0.5.0.tgz",
      "integrity": "sha512-+KAgmVeqXYbTtU2FScx1XS3kNyfZ5TrXY07V96QnUSFqo2gAqlvmaxH67Lj7SWazqsMabf+58ctdTcBgnOLUOQ==",
      "requires": {
        "duplexify": "^4.1.2",
        "split2": "^4.0.0"
      }
    },
    "pino-std-serializers": {
      "version": "4.0.0",
      "resolved": "https://registry.npmjs.org/pino-std-serializers/-/pino-std-serializers-4.0.0.tgz",
      "integrity": "sha512-cK0pekc1Kjy5w9V2/n+8MkZwusa6EyyxfeQCB799CQRhRt/CqYKiWs5adeu8Shve2ZNffvfC/7J64A2PJo1W/Q=="
    },
    "quick-format-unescaped": {
      "version": "4.0.4",
      "resolved": "https://registry.npmjs.org/quick-format-unescaped/-/quick-format-unescaped-4.0.4.tgz",
      "integrity": "sha512-tYC1Q1hgyRuHgloV/YXs2w15unPVh8qfu/qCTfhTYamaw7fyhumKa2yGpdSo87vY32rIclj+4fWYQXUMs9EHvg=="
    },
    "readable-stream": {
      "version": "3.6.0",
      "resolved": "https://registry.npmjs.org/readable-stream/-/readable-stream-3.6.0.tgz",
      "integrity": "sha512-BViHy7LKeTz4oNnkcLJ+lVSL6vpiFeX6/d3oSH8zCW7UxP2onchk+vTGB143xuFjHS3deTgkKoXXymXqymiIdA==",
      "requires": {
        "inherits": "^2.0.3",
        "string_decoder": "^1.1.1",
        "util-deprecate": "^1.0.1"
      }
    },
    "rxjs": {
      "version": "7.4.0",
      "resolved": "https://registry.npmjs.org/rxjs/-/rxjs-7.4.0.tgz",
      "integrity": "sha512-7SQDi7xeTMCJpqViXh8gL/lebcwlp3d831F05+9B44A4B0WfsEwUQHR64gsH1kvJ+Ep/J9K2+n1hVl1CsGN23w==",
      "requires": {
        "tslib": "~2.1.0"
      }
    },
    "safe-buffer": {
      "version": "5.2.1",
      "resolved": "https://registry.npmjs.org/safe-buffer/-/safe-buffer-5.2.1.tgz",
      "integrity": "sha512-rp3So07KcdmmKbGvgaNxQSJr7bGVSVk5S9Eq1F+ppbRo70+YeaDxkw5Dd8NPN+GD6bjnYm2VuPuCXmpuYvmCXQ=="
    },
    "safe-stable-stringify": {
      "version": "2.2.0",
      "resolved": "https://registry.npmjs.org/safe-stable-stringify/-/safe-stable-stringify-2.2.0.tgz",
      "integrity": "sha512-C6AuMdYPuPV/P1leplHNu0lgc2LAElq/g3TdoksDCIVtBhr78o/CH03bt/9SKqugFbKU9CUjsNlCu0fjtQzQUw=="
    },
    "snappy": {
      "version": "7.0.5",
      "resolved": "https://registry.npmjs.org/snappy/-/snappy-7.0.5.tgz",
      "integrity": "sha512-T2j48ZdQQd2MaP4X8GGtAnzyo3LnBt6Kj6kxmoOTxG59UwxwC2Az5pa338td7gSTT8H0J4fv8Jgi0edWAGkgeg==",
      "requires": {
        "@napi-rs/snappy-android-arm64": "7.0.5",
        "@napi-rs/snappy-darwin-arm64": "7.0.5",
        "@napi-rs/snappy-darwin-x64": "7.0.5",
        "@napi-rs/snappy-freebsd-x64": "7.0.5",
        "@napi-rs/snappy-linux-arm-gnueabihf": "7.0.5",
        "@napi-rs/snappy-linux-arm64-gnu": "7.0.5",
        "@napi-rs/snappy-linux-arm64-musl": "7.0.5",
        "@napi-rs/snappy-linux-x64-gnu": "7.0.5",
        "@napi-rs/snappy-linux-x64-musl": "7.0.5",
        "@napi-rs/snappy-win32-arm64-msvc": "7.0.5",
        "@napi-rs/snappy-win32-ia32-msvc": "7.0.5",
        "@napi-rs/snappy-win32-x64-msvc": "7.0.5",
        "@node-rs/helper": "^1.2.1"
      }
    },
    "sonic-boom": {
      "version": "2.3.1",
      "resolved": "https://registry.npmjs.org/sonic-boom/-/sonic-boom-2.3.1.tgz",
      "integrity": "sha512-o0vJPsRiCW5Q0EmRKjNiiYGy2DqSXcxk4mY9vIBSPwmkH/e/vJ2Tq8EECd5NTiO77x8vlVN+ykDjRQJTqf7eKg==",
      "requires": {
        "atomic-sleep": "^1.0.0"
      }
    },
    "split2": {
      "version": "4.1.0",
      "resolved": "https://registry.npmjs.org/split2/-/split2-4.1.0.tgz",
      "integrity": "sha512-VBiJxFkxiXRlUIeyMQi8s4hgvKCSjtknJv/LVYbrgALPwf5zSKmEwV9Lst25AkvMDnvxODugjdl6KZgwKM1WYQ=="
    },
    "stream-shift": {
      "version": "1.0.1",
      "resolved": "https://registry.npmjs.org/stream-shift/-/stream-shift-1.0.1.tgz",
      "integrity": "sha512-AiisoFqQ0vbGcZgQPY1cdP2I76glaVA/RauYR4G4thNFgkTqr90yXTo4LYX60Jl+sIlPNHHdGSwo01AvbKUSVQ=="
    },
    "string_decoder": {
      "version": "1.3.0",
      "resolved": "https://registry.npmjs.org/string_decoder/-/string_decoder-1.3.0.tgz",
      "integrity": "sha512-hkRX8U1WjJFd8LsDJ2yQ/wWWxaopEsABU1XfkM8A+j0+85JAGppt16cr1Whg6KIbb4okU6Mql6BOj+uup/wKeA==",
      "requires": {
        "safe-buffer": "~5.2.0"
      }
    },
    "thread-stream": {
      "version": "0.12.1",
      "resolved": "https://registry.npmjs.org/thread-stream/-/thread-stream-0.12.1.tgz",
      "integrity": "sha512-eFgcefesjNohVbqtNG/rh54HekZeId2xbuVXZpP5PBXTe5S+WIBfAFTbh2KRa4o/4pocgWTOTfnS0MaGOEiFTA=="
    },
    "tslib": {
      "version": "2.1.0",
      "resolved": "https://registry.npmjs.org/tslib/-/tslib-2.1.0.tgz",
      "integrity": "sha512-hcVC3wYEziELGGmEEXue7D75zbwIIVUMWAVbHItGPx0ziyXxrOMQx4rQEVEV45Ut/1IotuEvwqPopzIOkDMf0A=="
    },
    "typescript": {
      "version": "4.4.4",
      "resolved": "https://registry.npmjs.org/typescript/-/typescript-4.4.4.tgz",
      "integrity": "sha512-DqGhF5IKoBl8WNf8C1gu8q0xZSInh9j1kJJMqT3a94w1JzVaBU4EXOSMrz9yDqMT0xt3selp83fuFMQ0uzv6qA==",
      "dev": true
    },
    "util-deprecate": {
      "version": "1.0.2",
      "resolved": "https://registry.npmjs.org/util-deprecate/-/util-deprecate-1.0.2.tgz",
      "integrity": "sha1-RQ1Nyfpw3nMnYvvS1KKJgUGaDM8="
    },
    "wrappy": {
      "version": "1.0.2",
      "resolved": "https://registry.npmjs.org/wrappy/-/wrappy-1.0.2.tgz",
      "integrity": "sha1-tSQ9jz7BqjXxNkYFvA0QNuMKtp8="
    }
  }
}
